
Microsoft Visual Studio Solution File, Format Version 12.00
# Visual Studio 14
VisualStudioVersion = 14.0.24720.0
MinimumVisualStudioVersion = 10.0.40219.1
Project("{FAE04EC0-301F-11D3-BF4B-00C04F79EFBC}") = "Yort.Otp.Portable", "Yort.Otp.Portable\Yort.Otp.Portable.csproj", "{6EC67CD6-6987-4230-8BE2-F9352BFFBC4D}"
EndProject
Project("{FAE04EC0-301F-11D3-BF4B-00C04F79EFBC}") = "Yort.Otp.Net40", "Yort.Otp.Net40\Yort.Otp.Net40.csproj", "{8F1923FE-A9DF-40FB-8010-8241D9BA32BE}"
EndProject
Project("{FAE04EC0-301F-11D3-BF4B-00C04F79EFBC}") = "Yort.Otp.Net40.Tests", "Yort.Otp.Net40.Tests\Yort.Otp.Net40.Tests.csproj", "{FB9A6BE8-7FF3-4913-83A9-D39F834AF4EC}"
EndProject
Project("{D954291E-2A0B-460D-934E-DC6B0785DB48}") = "Yort.Otp.SharedTypes", "Yort.Otp.Shared\Yort.Otp.SharedTypes.shproj", "{79FC04A4-D07D-4881-A783-6DFFF4F2809A}"
EndProject
Project("{D954291E-2A0B-460D-934E-DC6B0785DB48}") = "Yort.Otp.SharedImplementation", "Yort.Otp.SharedImplementation\Yort.Otp.SharedImplementation.shproj", "{6C21B91C-F723-4AA3-A7C7-298E67F06A2F}"
EndProject
Project("{FAE04EC0-301F-11D3-BF4B-00C04F79EFBC}") = "Yort.Otp.WinRT", "Yort.Otp.WinRT\Yort.Otp.WinRT.csproj", "{1850D268-91A2-43A8-AD2F-E9E4112509AF}"
EndProject
Project("{FAE04EC0-301F-11D3-BF4B-00C04F79EFBC}") = "Yort.Otp.Android", "Yort.Otp.Android\Yort.Otp.Android.csproj", "{72776767-E4D5-40B5-802D-58EF54E8394D}"
EndProject
Project("{FAE04EC0-301F-11D3-BF4B-00C04F79EFBC}") = "Yort.Otp.iOS", "Yort.Otp.iOS\Yort.Otp.iOS.csproj", "{8D1BEE1E-75C4-4975-B13F-8693D192E748}"
EndProject
Project("{FAE04EC0-301F-11D3-BF4B-00C04F79EFBC}") = "Yort.Otp.WPSL", "Yort.Otp.WPSL\Yort.Otp.WPSL.csproj", "{31A6CD43-5B9C-4FB6-A82A-45DCFBB53CE0}"
EndProject
Project("{D954291E-2A0B-460D-934E-DC6B0785DB48}") = "Yort.Otp.SharedHashAlgorithms", "Yort.Otp.SharedHashAlgorithms\Yort.Otp.SharedHashAlgorithms.shproj", "{06706B64-9D21-4392-9B0A-9A20F8119799}"
EndProject
Global
	GlobalSection(SharedMSBuildProjectFiles) = preSolution
		Yort.Otp.SharedImplementation\Yort.Otp.SharedImplementation.projitems*{8f1923fe-a9df-40fb-8010-8241d9ba32be}*SharedItemsImports = 4
		Yort.Otp.SharedHashAlgorithms\Yort.Otp.SharedHashAlgorithms.projitems*{8f1923fe-a9df-40fb-8010-8241d9ba32be}*SharedItemsImports = 4
		Yort.Otp.Shared\Yort.Otp.Shared.projitems*{8f1923fe-a9df-40fb-8010-8241d9ba32be}*SharedItemsImports = 4
		Yort.Otp.SharedImplementation\Yort.Otp.SharedImplementation.projitems*{6c21b91c-f723-4aa3-a7c7-298e67f06a2f}*SharedItemsImports = 13
		Yort.Otp.Shared\Yort.Otp.Shared.projitems*{79fc04a4-d07d-4881-a783-6dfff4f2809a}*SharedItemsImports = 13
		Yort.Otp.SharedImplementation\Yort.Otp.SharedImplementation.projitems*{72776767-e4d5-40b5-802d-58ef54e8394d}*SharedItemsImports = 4
		Yort.Otp.SharedHashAlgorithms\Yort.Otp.SharedHashAlgorithms.projitems*{72776767-e4d5-40b5-802d-58ef54e8394d}*SharedItemsImports = 4
		Yort.Otp.Shared\Yort.Otp.Shared.projitems*{72776767-e4d5-40b5-802d-58ef54e8394d}*SharedItemsImports = 4
		Yort.Otp.Shared\Yort.Otp.Shared.projitems*{6ec67cd6-6987-4230-8be2-f9352bffbc4d}*SharedItemsImports = 4
		Yort.Otp.SharedHashAlgorithms\Yort.Otp.SharedHashAlgorithms.projitems*{06706b64-9d21-4392-9b0a-9a20f8119799}*SharedItemsImports = 13
		Yort.Otp.SharedImplementation\Yort.Otp.SharedImplementation.projitems*{31a6cd43-5b9c-4fb6-a82a-45dcfbb53ce0}*SharedItemsImports = 4
		Yort.Otp.Shared\Yort.Otp.Shared.projitems*{31a6cd43-5b9c-4fb6-a82a-45dcfbb53ce0}*SharedItemsImports = 4
		Yort.Otp.SharedImplementation\Yort.Otp.SharedImplementation.projitems*{1850d268-91a2-43a8-ad2f-e9e4112509af}*SharedItemsImports = 4
		Yort.Otp.Shared\Yort.Otp.Shared.projitems*{1850d268-91a2-43a8-ad2f-e9e4112509af}*SharedItemsImports = 4
		Yort.Otp.SharedImplementation\Yort.Otp.SharedImplementation.projitems*{8d1bee1e-75c4-4975-b13f-8693d192e748}*SharedItemsImports = 4
		Yort.Otp.SharedHashAlgorithms\Yort.Otp.SharedHashAlgorithms.projitems*{8d1bee1e-75c4-4975-b13f-8693d192e748}*SharedItemsImports = 4
		Yort.Otp.Shared\Yort.Otp.Shared.projitems*{8d1bee1e-75c4-4975-b13f-8693d192e748}*SharedItemsImports = 4
	EndGlobalSection
	GlobalSection(SolutionConfigurationPlatforms) = preSolution
		Debug|Any CPU = Debug|Any CPU
		Debug|ARM = Debug|ARM
		Debug|x86 = Debug|x86
		Release|Any CPU = Release|Any CPU
		Release|ARM = Release|ARM
		Release|x86 = Release|x86
	EndGlobalSection
	GlobalSection(ProjectConfigurationPlatforms) = postSolution
		{6EC67CD6-6987-4230-8BE2-F9352BFFBC4D}.Debug|Any CPU.ActiveCfg = Debug|Any CPU
		{6EC67CD6-6987-4230-8BE2-F9352BFFBC4D}.Debug|Any CPU.Build.0 = Debug|Any CPU
		{6EC67CD6-6987-4230-8BE2-F9352BFFBC4D}.Debug|ARM.ActiveCfg = Debug|Any CPU
		{6EC67CD6-6987-4230-8BE2-F9352BFFBC4D}.Debug|ARM.Build.0 = Debug|Any CPU
		{6EC67CD6-6987-4230-8BE2-F9352BFFBC4D}.Debug|x86.ActiveCfg = Debug|Any CPU
		{6EC67CD6-6987-4230-8BE2-F9352BFFBC4D}.Debug|x86.Build.0 = Debug|Any CPU
		{6EC67CD6-6987-4230-8BE2-F9352BFFBC4D}.Release|Any CPU.ActiveCfg = Release|Any CPU
		{6EC67CD6-6987-4230-8BE2-F9352BFFBC4D}.Release|Any CPU.Build.0 = Release|Any CPU
		{6EC67CD6-6987-4230-8BE2-F9352BFFBC4D}.Release|ARM.ActiveCfg = Release|Any CPU
		{6EC67CD6-6987-4230-8BE2-F9352BFFBC4D}.Release|ARM.Build.0 = Release|Any CPU
		{6EC67CD6-6987-4230-8BE2-F9352BFFBC4D}.Release|x86.ActiveCfg = Release|Any CPU
		{6EC67CD6-6987-4230-8BE2-F9352BFFBC4D}.Release|x86.Build.0 = Release|Any CPU
		{8F1923FE-A9DF-40FB-8010-8241D9BA32BE}.Debug|Any CPU.ActiveCfg = Debug|Any CPU
		{8F1923FE-A9DF-40FB-8010-8241D9BA32BE}.Debug|Any CPU.Build.0 = Debug|Any CPU
		{8F1923FE-A9DF-40FB-8010-8241D9BA32BE}.Debug|ARM.ActiveCfg = Debug|Any CPU
		{8F1923FE-A9DF-40FB-8010-8241D9BA32BE}.Debug|ARM.Build.0 = Debug|Any CPU
		{8F1923FE-A9DF-40FB-8010-8241D9BA32BE}.Debug|x86.ActiveCfg = Debug|Any CPU
		{8F1923FE-A9DF-40FB-8010-8241D9BA32BE}.Debug|x86.Build.0 = Debug|Any CPU
		{8F1923FE-A9DF-40FB-8010-8241D9BA32BE}.Release|Any CPU.ActiveCfg = Release|Any CPU
		{8F1923FE-A9DF-40FB-8010-8241D9BA32BE}.Release|Any CPU.Build.0 = Release|Any CPU
		{8F1923FE-A9DF-40FB-8010-8241D9BA32BE}.Release|ARM.ActiveCfg = Release|Any CPU
		{8F1923FE-A9DF-40FB-8010-8241D9BA32BE}.Release|ARM.Build.0 = Release|Any CPU
		{8F1923FE-A9DF-40FB-8010-8241D9BA32BE}.Release|x86.ActiveCfg = Release|Any CPU
		{8F1923FE-A9DF-40FB-8010-8241D9BA32BE}.Release|x86.Build.0 = Release|Any CPU
		{FB9A6BE8-7FF3-4913-83A9-D39F834AF4EC}.Debug|Any CPU.ActiveCfg = Debug|Any CPU
		{FB9A6BE8-7FF3-4913-83A9-D39F834AF4EC}.Debug|Any CPU.Build.0 = Debug|Any CPU
		{FB9A6BE8-7FF3-4913-83A9-D39F834AF4EC}.Debug|ARM.ActiveCfg = Debug|Any CPU
		{FB9A6BE8-7FF3-4913-83A9-D39F834AF4EC}.Debug|ARM.Build.0 = Debug|Any CPU
		{FB9A6BE8-7FF3-4913-83A9-D39F834AF4EC}.Debug|x86.ActiveCfg = Debug|Any CPU
		{FB9A6BE8-7FF3-4913-83A9-D39F834AF4EC}.Debug|x86.Build.0 = Debug|Any CPU
		{FB9A6BE8-7FF3-4913-83A9-D39F834AF4EC}.Release|Any CPU.ActiveCfg = Release|Any CPU
		{FB9A6BE8-7FF3-4913-83A9-D39F834AF4EC}.Release|Any CPU.Build.0 = Release|Any CPU
		{FB9A6BE8-7FF3-4913-83A9-D39F834AF4EC}.Release|ARM.ActiveCfg = Release|Any CPU
		{FB9A6BE8-7FF3-4913-83A9-D39F834AF4EC}.Release|ARM.Build.0 = Release|Any CPU
		{FB9A6BE8-7FF3-4913-83A9-D39F834AF4EC}.Release|x86.ActiveCfg = Release|Any CPU
		{FB9A6BE8-7FF3-4913-83A9-D39F834AF4EC}.Release|x86.Build.0 = Release|Any CPU
		{1850D268-91A2-43A8-AD2F-E9E4112509AF}.Debug|Any CPU.ActiveCfg = Debug|Any CPU
		{1850D268-91A2-43A8-AD2F-E9E4112509AF}.Debug|Any CPU.Build.0 = Debug|Any CPU
		{1850D268-91A2-43A8-AD2F-E9E4112509AF}.Debug|ARM.ActiveCfg = Debug|Any CPU
		{1850D268-91A2-43A8-AD2F-E9E4112509AF}.Debug|x86.ActiveCfg = Debug|Any CPU
		{1850D268-91A2-43A8-AD2F-E9E4112509AF}.Release|Any CPU.ActiveCfg = Release|Any CPU
		{1850D268-91A2-43A8-AD2F-E9E4112509AF}.Release|Any CPU.Build.0 = Release|Any CPU
		{1850D268-91A2-43A8-AD2F-E9E4112509AF}.Release|ARM.ActiveCfg = Release|Any CPU
		{1850D268-91A2-43A8-AD2F-E9E4112509AF}.Release|x86.ActiveCfg = Release|Any CPU
		{72776767-E4D5-40B5-802D-58EF54E8394D}.Debug|Any CPU.ActiveCfg = Debug|Any CPU
		{72776767-E4D5-40B5-802D-58EF54E8394D}.Debug|Any CPU.Build.0 = Debug|Any CPU
		{72776767-E4D5-40B5-802D-58EF54E8394D}.Debug|ARM.ActiveCfg = Debug|Any CPU
		{72776767-E4D5-40B5-802D-58EF54E8394D}.Debug|ARM.Build.0 = Debug|Any CPU
		{72776767-E4D5-40B5-802D-58EF54E8394D}.Debug|x86.ActiveCfg = Debug|Any CPU
		{72776767-E4D5-40B5-802D-58EF54E8394D}.Debug|x86.Build.0 = Debug|Any CPU
		{72776767-E4D5-40B5-802D-58EF54E8394D}.Release|Any CPU.ActiveCfg = Release|Any CPU
		{72776767-E4D5-40B5-802D-58EF54E8394D}.Release|Any CPU.Build.0 = Release|Any CPU
		{72776767-E4D5-40B5-802D-58EF54E8394D}.Release|ARM.ActiveCfg = Release|Any CPU
		{72776767-E4D5-40B5-802D-58EF54E8394D}.Release|ARM.Build.0 = Release|Any CPU
		{72776767-E4D5-40B5-802D-58EF54E8394D}.Release|x86.ActiveCfg = Release|Any CPU
		{72776767-E4D5-40B5-802D-58EF54E8394D}.Release|x86.Build.0 = Release|Any CPU
		{8D1BEE1E-75C4-4975-B13F-8693D192E748}.Debug|Any CPU.ActiveCfg = Debug|Any CPU
		{8D1BEE1E-75C4-4975-B13F-8693D192E748}.Debug|Any CPU.Build.0 = Debug|Any CPU
		{8D1BEE1E-75C4-4975-B13F-8693D192E748}.Debug|ARM.ActiveCfg = Debug|Any CPU
		{8D1BEE1E-75C4-4975-B13F-8693D192E748}.Debug|ARM.Build.0 = Debug|Any CPU
		{8D1BEE1E-75C4-4975-B13F-8693D192E748}.Debug|x86.ActiveCfg = Debug|Any CPU
		{8D1BEE1E-75C4-4975-B13F-8693D192E748}.Debug|x86.Build.0 = Debug|Any CPU
		{8D1BEE1E-75C4-4975-B13F-8693D192E748}.Release|Any CPU.ActiveCfg = Release|Any CPU
		{8D1BEE1E-75C4-4975-B13F-8693D192E748}.Release|Any CPU.Build.0 = Release|Any CPU
		{8D1BEE1E-75C4-4975-B13F-8693D192E748}.Release|ARM.ActiveCfg = Release|Any CPU
		{8D1BEE1E-75C4-4975-B13F-8693D192E748}.Release|ARM.Build.0 = Release|Any CPU
		{8D1BEE1E-75C4-4975-B13F-8693D192E748}.Release|x86.ActiveCfg = Release|Any CPU
		{8D1BEE1E-75C4-4975-B13F-8693D192E748}.Release|x86.Build.0 = Release|Any CPU
		{31A6CD43-5B9C-4FB6-A82A-45DCFBB53CE0}.Debug|Any CPU.ActiveCfg = Debug|Any CPU
		{31A6CD43-5B9C-4FB6-A82A-45DCFBB53CE0}.Debug|Any CPU.Build.0 = Debug|Any CPU
		{31A6CD43-5B9C-4FB6-A82A-45DCFBB53CE0}.Debug|ARM.ActiveCfg = Debug|ARM
		{31A6CD43-5B9C-4FB6-A82A-45DCFBB53CE0}.Debug|ARM.Build.0 = Debug|ARM
		{31A6CD43-5B9C-4FB6-A82A-45DCFBB53CE0}.Debug|x86.ActiveCfg = Debug|x86
		{31A6CD43-5B9C-4FB6-A82A-45DCFBB53CE0}.Debug|x86.Build.0 = Debug|x86
		{31A6CD43-5B9C-4FB6-A82A-45DCFBB53CE0}.Release|Any CPU.ActiveCfg = Release|Any CPU
		{31A6CD43-5B9C-4FB6-A82A-45DCFBB53CE0}.Release|Any CPU.Build.0 = Release|Any CPU
		{31A6CD43-5B9C-4FB6-A82A-45DCFBB53CE0}.Release|ARM.ActiveCfg = Release|ARM
		{31A6CD43-5B9C-4FB6-A82A-45DCFBB53CE0}.Release|ARM.Build.0 = Release|ARM
		{31A6CD43-5B9C-4FB6-A82A-45DCFBB53CE0}.Release|x86.ActiveCfg = Release|x86
		{31A6CD43-5B9C-4FB6-A82A-45DCFBB53CE0}.Release|x86.Build.0 = Release|x86
	EndGlobalSection
	GlobalSection(SolutionProperties) = preSolution
		HideSolutionNode = FALSE
	EndGlobalSection
EndGlobal
